{
  "name": "akinator-bot",
  "version": "1.0.0",
  "lockfileVersion": 2,
  "requires": true,
  "packages": {
    "": {
      "name": "akinator-bot",
      "version": "1.0.0",
      "license": "MIT",
      "dependencies": {
        "aki-api": "^6.0.9",
        "discord.js": "^14.14.1",
        "dotenv": "^16.4.1"
      },
      "engines": {
        "node": ">=16.11"
      }
    },
    "node_modules/@discordjs/builders": {
      "version": "1.7.0",
      "resolved": "https://registry.npmjs.org/@discordjs/builders/-/builders-1.7.0.tgz",
      "integrity": "sha512-GDtbKMkg433cOZur8Dv6c25EHxduNIBsxeHrsRoIM8+AwmEZ8r0tEpckx/sHwTLwQPOF3e2JWloZh9ofCaMfAw==",
      "dependencies": {
        "@discordjs/formatters": "^0.3.3",
        "@discordjs/util": "^1.0.2",
        "@sapphire/shapeshift": "^3.9.3",
        "discord-api-types": "0.37.61",
        "fast-deep-equal": "^3.1.3",
        "ts-mixer": "^6.0.3",
        "tslib": "^2.6.2"
      },
      "engines": {
        "node": ">=16.11.0"
      }
    },
    "node_modules/@discordjs/collection": {
      "version": "1.5.3",
      "resolved": "https://registry.npmjs.org/@discordjs/collection/-/collection-1.5.3.tgz",
      "integrity": "sha512-SVb428OMd3WO1paV3rm6tSjM4wC+Kecaa1EUGX7vc6/fddvw/6lg90z4QtCqm21zvVe92vMMDt9+DkIvjXImQQ==",
      "engines": {
        "node": ">=16.11.0"
      }
    },
    "node_modules/@discordjs/formatters": {
      "version": "0.3.3",
      "resolved": "https://registry.npmjs.org/@discordjs/formatters/-/formatters-0.3.3.tgz",
      "integrity": "sha512-wTcI1Q5cps1eSGhl6+6AzzZkBBlVrBdc9IUhJbijRgVjCNIIIZPgqnUj3ntFODsHrdbGU8BEG9XmDQmgEEYn3w==",
      "dependencies": {
        "discord-api-types": "0.37.61"
      },
      "engines": {
        "node": ">=16.11.0"
      }
    },
    "node_modules/@discordjs/rest": {
      "version": "2.2.0",
      "resolved": "https://registry.npmjs.org/@discordjs/rest/-/rest-2.2.0.tgz",
      "integrity": "sha512-nXm9wT8oqrYFRMEqTXQx9DUTeEtXUDMmnUKIhZn6O2EeDY9VCdwj23XCPq7fkqMPKdF7ldAfeVKyxxFdbZl59A==",
      "dependencies": {
        "@discordjs/collection": "^2.0.0",
        "@discordjs/util": "^1.0.2",
        "@sapphire/async-queue": "^1.5.0",
        "@sapphire/snowflake": "^3.5.1",
        "@vladfrangu/async_event_emitter": "^2.2.2",
        "discord-api-types": "0.37.61",
        "magic-bytes.js": "^1.5.0",
        "tslib": "^2.6.2",
        "undici": "5.27.2"
      },
      "engines": {
        "node": ">=16.11.0"
      }
    },
    "node_modules/@discordjs/rest/node_modules/@discordjs/collection": {
      "version": "2.0.0",
      "resolved": "https://registry.npmjs.org/@discordjs/collection/-/collection-2.0.0.tgz",
      "integrity": "sha512-YTWIXLrf5FsrLMycpMM9Q6vnZoR/lN2AWX23/Cuo8uOOtS8eHB2dyQaaGnaF8aZPYnttf2bkLMcXn/j6JUOi3w==",
      "engines": {
        "node": ">=18"
      }
    },
    "node_modules/@discordjs/util": {
      "version": "1.0.2",
      "resolved": "https://registry.npmjs.org/@discordjs/util/-/util-1.0.2.tgz",
      "integrity": "sha512-IRNbimrmfb75GMNEjyznqM1tkI7HrZOf14njX7tCAAUetyZM1Pr8hX/EK2lxBCOgWDRmigbp24fD1hdMfQK5lw==",
      "engines": {
        "node": ">=16.11.0"
      }
    },
    "node_modules/@discordjs/ws": {
      "version": "1.0.2",
      "resolved": "https://registry.npmjs.org/@discordjs/ws/-/ws-1.0.2.tgz",
      "integrity": "sha512-+XI82Rm2hKnFwAySXEep4A7Kfoowt6weO6381jgW+wVdTpMS/56qCvoXyFRY0slcv7c/U8My2PwIB2/wEaAh7Q==",
      "dependencies": {
        "@discordjs/collection": "^2.0.0",
        "@discordjs/rest": "^2.1.0",
        "@discordjs/util": "^1.0.2",
        "@sapphire/async-queue": "^1.5.0",
        "@types/ws": "^8.5.9",
        "@vladfrangu/async_event_emitter": "^2.2.2",
        "discord-api-types": "0.37.61",
        "tslib": "^2.6.2",
        "ws": "^8.14.2"
      },
      "engines": {
        "node": ">=16.11.0"
      }
    },
    "node_modules/@discordjs/ws/node_modules/@discordjs/collection": {
      "version": "2.0.0",
      "resolved": "https://registry.npmjs.org/@discordjs/collection/-/collection-2.0.0.tgz",
      "integrity": "sha512-YTWIXLrf5FsrLMycpMM9Q6vnZoR/lN2AWX23/Cuo8uOOtS8eHB2dyQaaGnaF8aZPYnttf2bkLMcXn/j6JUOi3w==",
      "engines": {
        "node": ">=18"
      }
    },
    "node_modules/@fastify/busboy": {
      "version": "2.1.0",
      "resolved": "https://registry.npmjs.org/@fastify/busboy/-/busboy-2.1.0.tgz",
      "integrity": "sha512-+KpH+QxZU7O4675t3mnkQKcZZg56u+K/Ct2K+N2AZYNVK8kyeo/bI18tI8aPm3tvNNRyTWfj6s5tnGNlcbQRsA==",
      "engines": {
        "node": ">=14"
      }
    },
    "node_modules/@sapphire/async-queue": {
      "version": "1.5.2",
      "resolved": "https://registry.npmjs.org/@sapphire/async-queue/-/async-queue-1.5.2.tgz",
      "integrity": "sha512-7X7FFAA4DngXUl95+hYbUF19bp1LGiffjJtu7ygrZrbdCSsdDDBaSjB7Akw0ZbOu6k0xpXyljnJ6/RZUvLfRdg==",
      "engines": {
        "node": ">=v14.0.0",
        "npm": ">=7.0.0"
      }
    },
    "node_modules/@sapphire/shapeshift": {
      "version": "3.9.6",
      "resolved": "https://registry.npmjs.org/@sapphire/shapeshift/-/shapeshift-3.9.6.tgz",
      "integrity": "sha512-4+Na/fxu2SEepZRb9z0dbsVh59QtwPuBg/UVaDib3av7ZY14b14+z09z6QVn0P6Dv6eOU2NDTsjIi0mbtgP56g==",
      "dependencies": {
        "fast-deep-equal": "^3.1.3",
        "lodash": "^4.17.21"
      },
      "engines": {
        "node": ">=v18"
      }
    },
    "node_modules/@sapphire/snowflake": {
      "version": "3.5.1",
      "resolved": "https://registry.npmjs.org/@sapphire/snowflake/-/snowflake-3.5.1.tgz",
      "integrity": "sha512-BxcYGzgEsdlG0dKAyOm0ehLGm2CafIrfQTZGWgkfKYbj+pNNsorZ7EotuZukc2MT70E0UbppVbtpBrqpzVzjNA==",
      "engines": {
        "node": ">=v14.0.0",
        "npm": ">=7.0.0"
      }
    },
    "node_modules/@types/node": {
      "version": "20.11.16",
      "resolved": "https://registry.npmjs.org/@types/node/-/node-20.11.16.tgz",
      "integrity": "sha512-gKb0enTmRCzXSSUJDq6/sPcqrfCv2mkkG6Jt/clpn5eiCbKTY+SgZUxo+p8ZKMof5dCp9vHQUAB7wOUTod22wQ==",
      "dependencies": {
        "undici-types": "~5.26.4"
      }
    },
    "node_modules/@types/ws": {
      "version": "8.5.9",
      "resolved": "https://registry.npmjs.org/@types/ws/-/ws-8.5.9.tgz",
      "integrity": "sha512-jbdrY0a8lxfdTp/+r7Z4CkycbOFN8WX+IOchLJr3juT/xzbJ8URyTVSJ/hvNdadTgM1mnedb47n+Y31GsFnQlg==",
      "dependencies": {
        "@types/node": "*"
      }
    },
    "node_modules/@vladfrangu/async_event_emitter": {
      "version": "2.2.4",
      "resolved": "https://registry.npmjs.org/@vladfrangu/async_event_emitter/-/async_event_emitter-2.2.4.tgz",
      "integrity": "sha512-ButUPz9E9cXMLgvAW8aLAKKJJsPu1dY1/l/E8xzLFuysowXygs6GBcyunK9rnGC4zTsnIc2mQo71rGw9U+Ykug==",
      "engines": {
        "node": ">=v14.0.0",
        "npm": ">=7.0.0"
      }
    },
    "node_modules/agent-base": {
      "version": "7.1.0",
      "resolved": "https://registry.npmjs.org/agent-base/-/agent-base-7.1.0.tgz",
      "integrity": "sha512-o/zjMZRhJxny7OyEF+Op8X+efiELC7k7yOjMzgfzVqOzXqkBkWI79YoTdOtsuWd5BWhAGAuOY/Xa6xpiaWXiNg==",
      "dependencies": {
        "debug": "^4.3.4"
      },
      "engines": {
        "node": ">= 14"
      }
    },
    "node_modules/aki-api": {
      "version": "6.0.9",
      "resolved": "https://registry.npmjs.org/aki-api/-/aki-api-6.0.9.tgz",
      "integrity": "sha512-X1GxHZbhWPHwzW9XzeZS1M6pluhHc0TvOvDCQdOtYn6AwppjsGtZmXxg/PovLozcutHhi2qsJYtNfQbiq6oILg==",
      "dependencies": {
        "axios": "^1.4.0",
        "https-proxy-agent": "^6.1.0",
        "node_extra_ca_certs_mozilla_bundle": "^1.0.5"
      }
    },
    "node_modules/asynckit": {
      "version": "0.4.0",
      "resolved": "https://registry.npmjs.org/asynckit/-/asynckit-0.4.0.tgz",
      "integrity": "sha512-Oei9OH4tRh0YqU3GxhX79dM/mwVgvbZJaSNaRk+bshkj0S5cfHcgYakreBjrHwatXKbz+IoIdYLxrKim2MjW0Q=="
    },
    "node_modules/axios": {
      "version": "1.6.7",
      "resolved": "https://registry.npmjs.org/axios/-/axios-1.6.7.tgz",
      "integrity": "sha512-/hDJGff6/c7u0hDkvkGxR/oy6CbCs8ziCsC7SqmhjfozqiJGc8Z11wrv9z9lYfY4K8l+H9TpjcMDX0xOZmx+RA==",
      "dependencies": {
        "follow-redirects": "^1.15.4",
        "form-data": "^4.0.0",
        "proxy-from-env": "^1.1.0"
      }
    },
    "node_modules/bluebird": {
      "version": "3.7.2",
      "resolved": "https://registry.npmjs.org/bluebird/-/bluebird-3.7.2.tgz",
      "integrity": "sha512-XpNj6GDQzdfW+r2Wnn7xiSAd7TM3jzkxGXBGTtWKuSXv1xUV+azxAm8jdWZN06QTQk+2N2XB9jRDkvbmQmcRtg=="
    },
    "node_modules/combined-stream": {
      "version": "1.0.8",
      "resolved": "https://registry.npmjs.org/combined-stream/-/combined-stream-1.0.8.tgz",
      "integrity": "sha512-FQN4MRfuJeHf7cBbBMJFXhKSDq+2kAArBlmRBvcvFE5BB1HZKXtSFASDhdlz9zOYwxh8lDdnvmMOe/+5cdoEdg==",
      "dependencies": {
        "delayed-stream": "~1.0.0"
      },
      "engines": {
        "node": ">= 0.8"
      }
    },
    "node_modules/cross-env": {
      "version": "7.0.3",
      "resolved": "https://registry.npmjs.org/cross-env/-/cross-env-7.0.3.tgz",
      "integrity": "sha512-+/HKd6EgcQCJGh2PSjZuUitQBQynKor4wrFbRg4DtAgS1aWO+gU52xpH7M9ScGgXSYmAVS9bIJ8EzuaGw0oNAw==",
      "dependencies": {
        "cross-spawn": "^7.0.1"
      },
      "bin": {
        "cross-env": "src/bin/cross-env.js",
        "cross-env-shell": "src/bin/cross-env-shell.js"
      },
      "engines": {
        "node": ">=10.14",
        "npm": ">=6",
        "yarn": ">=1"
      }
    },
    "node_modules/cross-spawn": {
      "version": "7.0.3",
      "resolved": "https://registry.npmjs.org/cross-spawn/-/cross-spawn-7.0.3.tgz",
      "integrity": "sha512-iRDPJKUPVEND7dHPO8rkbOnPpyDygcDFtWjpeWNCgy8WP2rXcxXL8TskReQl6OrB2G7+UJrags1q15Fudc7G6w==",
      "dependencies": {
        "path-key": "^3.1.0",
        "shebang-command": "^2.0.0",
        "which": "^2.0.1"
      },
      "engines": {
        "node": ">= 8"
      }
    },
    "node_modules/csvtojson": {
      "version": "2.0.10",
      "resolved": "https://registry.npmjs.org/csvtojson/-/csvtojson-2.0.10.tgz",
      "integrity": "sha512-lUWFxGKyhraKCW8Qghz6Z0f2l/PqB1W3AO0HKJzGIQ5JRSlR651ekJDiGJbBT4sRNNv5ddnSGVEnsxP9XRCVpQ==",
      "dependencies": {
        "bluebird": "^3.5.1",
        "lodash": "^4.17.3",
        "strip-bom": "^2.0.0"
      },
      "bin": {
        "csvtojson": "bin/csvtojson"
      },
      "engines": {
        "node": ">=4.0.0"
      }
    },
    "node_modules/debug": {
      "version": "4.3.4",
      "resolved": "https://registry.npmjs.org/debug/-/debug-4.3.4.tgz",
      "integrity": "sha512-PRWFHuSU3eDtQJPvnNY7Jcket1j0t5OuOsFzPPzsekD52Zl8qUfFIPEiswXqIvHWGVHOgX+7G/vCNNhehwxfkQ==",
      "dependencies": {
        "ms": "2.1.2"
      },
      "engines": {
        "node": ">=6.0"
      },
      "peerDependenciesMeta": {
        "supports-color": {
          "optional": true
        }
      }
    },
    "node_modules/delayed-stream": {
      "version": "1.0.0",
      "resolved": "https://registry.npmjs.org/delayed-stream/-/delayed-stream-1.0.0.tgz",
      "integrity": "sha512-ZySD7Nf91aLB0RxL4KGrKHBXl7Eds1DAmEdcoVawXnLD7SDhpNgtuII2aAkg7a7QS41jxPSZ17p4VdGnMHk3MQ==",
      "engines": {
        "node": ">=0.4.0"
      }
    },
    "node_modules/discord-api-types": {
      "version": "0.37.61",
      "resolved": "https://registry.npmjs.org/discord-api-types/-/discord-api-types-0.37.61.tgz",
      "integrity": "sha512-o/dXNFfhBpYHpQFdT6FWzeO7pKc838QeeZ9d91CfVAtpr5XLK4B/zYxQbYgPdoMiTDvJfzcsLW5naXgmHGDNXw=="
    },
    "node_modules/discord.js": {
      "version": "14.14.1",
      "resolved": "https://registry.npmjs.org/discord.js/-/discord.js-14.14.1.tgz",
      "integrity": "sha512-/hUVzkIerxKHyRKopJy5xejp4MYKDPTszAnpYxzVVv4qJYf+Tkt+jnT2N29PIPschicaEEpXwF2ARrTYHYwQ5w==",
      "dependencies": {
        "@discordjs/builders": "^1.7.0",
        "@discordjs/collection": "1.5.3",
        "@discordjs/formatters": "^0.3.3",
        "@discordjs/rest": "^2.1.0",
        "@discordjs/util": "^1.0.2",
        "@discordjs/ws": "^1.0.2",
        "@sapphire/snowflake": "3.5.1",
        "@types/ws": "8.5.9",
        "discord-api-types": "0.37.61",
        "fast-deep-equal": "3.1.3",
        "lodash.snakecase": "4.1.1",
        "tslib": "2.6.2",
        "undici": "5.27.2",
        "ws": "8.14.2"
      },
      "engines": {
        "node": ">=16.11.0"
      }
    },
    "node_modules/dotenv": {
      "version": "16.4.1",
      "resolved": "https://registry.npmjs.org/dotenv/-/dotenv-16.4.1.tgz",
      "integrity": "sha512-CjA3y+Dr3FyFDOAMnxZEGtnW9KBR2M0JvvUtXNW+dYJL5ROWxP9DUHCwgFqpMk0OXCc0ljhaNTr2w/kutYIcHQ==",
      "engines": {
        "node": ">=12"
      },
      "funding": {
        "url": "https://github.com/motdotla/dotenv?sponsor=1"
      }
    },
    "node_modules/fast-deep-equal": {
      "version": "3.1.3",
      "resolved": "https://registry.npmjs.org/fast-deep-equal/-/fast-deep-equal-3.1.3.tgz",
      "integrity": "sha512-f3qQ9oQy9j2AhBe/H9VC91wLmKBCCU/gDOnKNAYG5hswO7BLKj09Hc5HYNz9cGI++xlpDCIgDaitVs03ATR84Q=="
    },
    "node_modules/follow-redirects": {
      "version": "1.15.5",
      "resolved": "https://registry.npmjs.org/follow-redirects/-/follow-redirects-1.15.5.tgz",
      "integrity": "sha512-vSFWUON1B+yAw1VN4xMfxgn5fTUiaOzAJCKBwIIgT/+7CuGy9+r+5gITvP62j3RmaD5Ph65UaERdOSRGUzZtgw==",
      "funding": [
        {
          "type": "individual",
          "url": "https://github.com/sponsors/RubenVerborgh"
        }
      ],
      "engines": {
        "node": ">=4.0"
      },
      "peerDependenciesMeta": {
        "debug": {
          "optional": true
        }
      }
    },
    "node_modules/form-data": {
      "version": "4.0.0",
      "resolved": "https://registry.npmjs.org/form-data/-/form-data-4.0.0.tgz",
      "integrity": "sha512-ETEklSGi5t0QMZuiXoA/Q6vcnxcLQP5vdugSpuAyi6SVGi2clPPp+xgEhuMaHC+zGgn31Kd235W35f7Hykkaww==",
      "dependencies": {
        "asynckit": "^0.4.0",
        "combined-stream": "^1.0.8",
        "mime-types": "^2.1.12"
      },
      "engines": {
        "node": ">= 6"
      }
    },
    "node_modules/https-proxy-agent": {
      "version": "6.2.1",
      "resolved": "https://registry.npmjs.org/https-proxy-agent/-/https-proxy-agent-6.2.1.tgz",
      "integrity": "sha512-ONsE3+yfZF2caH5+bJlcddtWqNI3Gvs5A38+ngvljxaBiRXRswym2c7yf8UAeFpRFKjFNHIFEHqR/OLAWJzyiA==",
      "dependencies": {
        "agent-base": "^7.0.2",
        "debug": "4"
      },
      "engines": {
        "node": ">= 14"
      }
    },
    "node_modules/is-utf8": {
      "version": "0.2.1",
      "resolved": "https://registry.npmjs.org/is-utf8/-/is-utf8-0.2.1.tgz",
      "integrity": "sha512-rMYPYvCzsXywIsldgLaSoPlw5PfoB/ssr7hY4pLfcodrA5M/eArza1a9VmTiNIBNMjOGr1Ow9mTyU2o69U6U9Q=="
    },
    "node_modules/isexe": {
      "version": "2.0.0",
      "resolved": "https://registry.npmjs.org/isexe/-/isexe-2.0.0.tgz",
      "integrity": "sha512-RHxMLp9lnKHGHRng9QFhRCMbYAcVpn69smSGcq3f36xjgVVWThj4qqLbTLlq7Ssj8B+fIQ1EuCEGI2lKsyQeIw=="
    },
    "node_modules/lodash": {
      "version": "4.17.21",
      "resolved": "https://registry.npmjs.org/lodash/-/lodash-4.17.21.tgz",
      "integrity": "sha512-v2kDEe57lecTulaDIuNTPy3Ry4gLGJ6Z1O3vE1krgXZNrsQ+LFTGHVxVjcXPs17LhbZVGedAJv8XZ1tvj5FvSg=="
    },
    "node_modules/lodash.snakecase": {
      "version": "4.1.1",
      "resolved": "https://registry.npmjs.org/lodash.snakecase/-/lodash.snakecase-4.1.1.tgz",
      "integrity": "sha512-QZ1d4xoBHYUeuouhEq3lk3Uq7ldgyFXGBhg04+oRLnIz8o9T65Eh+8YdroUwn846zchkA9yDsDl5CVVaV2nqYw=="
    },
    "node_modules/magic-bytes.js": {
      "version": "1.8.0",
      "resolved": "https://registry.npmjs.org/magic-bytes.js/-/magic-bytes.js-1.8.0.tgz",
      "integrity": "sha512-lyWpfvNGVb5lu8YUAbER0+UMBTdR63w2mcSUlhhBTyVbxJvjgqwyAf3AZD6MprgK0uHuBoWXSDAMWLupX83o3Q=="
    },
    "node_modules/mime-db": {
      "version": "1.52.0",
      "resolved": "https://registry.npmjs.org/mime-db/-/mime-db-1.52.0.tgz",
      "integrity": "sha512-sPU4uV7dYlvtWJxwwxHD0PuihVNiE7TyAbQ5SWxDCB9mUYvOgroQOwYQQOKPJ8CIbE+1ETVlOoK1UC2nU3gYvg==",
      "engines": {
        "node": ">= 0.6"
      }
    },
    "node_modules/mime-types": {
      "version": "2.1.35",
      "resolved": "https://registry.npmjs.org/mime-types/-/mime-types-2.1.35.tgz",
      "integrity": "sha512-ZDY+bPm5zTTF+YpCrAU9nK0UgICYPT0QtT1NZWFv4s++TNkcgVaT0g6+4R2uI4MjQjzysHB1zxuWL50hzaeXiw==",
      "dependencies": {
        "mime-db": "1.52.0"
      },
      "engines": {
        "node": ">= 0.6"
      }
    },
    "node_modules/ms": {
      "version": "2.1.2",
      "resolved": "https://registry.npmjs.org/ms/-/ms-2.1.2.tgz",
      "integrity": "sha512-sGkPx+VjMtmA6MX27oA4FBFELFCZZ4S4XqeGOXCv68tT+jb3vk/RyaKWP0PTKyWtmLSM0b+adUTEvbs1PEaH2w=="
    },
    "node_modules/node_extra_ca_certs_mozilla_bundle": {
      "version": "1.0.6",
      "resolved": "https://registry.npmjs.org/node_extra_ca_certs_mozilla_bundle/-/node_extra_ca_certs_mozilla_bundle-1.0.6.tgz",
      "integrity": "sha512-VUYE5onlfOXbiZ9KLC2q3HyKC/PqYawf55tIyp7g07RUuO3UmozeDtIKlyMpS5jTIn1rxGST12QLqfDAqkektw==",
      "hasInstallScript": true,
      "dependencies": {
        "axios": "^1.6.5",
        "cross-env": "^7.0.3",
        "csvtojson": "^2.0.10"
      }
    },
    "node_modules/path-key": {
      "version": "3.1.1",
      "resolved": "https://registry.npmjs.org/path-key/-/path-key-3.1.1.tgz",
      "integrity": "sha512-ojmeN0qd+y0jszEtoY48r0Peq5dwMEkIlCOu6Q5f41lfkswXuKtYrhgoTpLnyIcHm24Uhqx+5Tqm2InSwLhE6Q==",
      "engines": {
        "node": ">=8"
      }
    },
    "node_modules/proxy-from-env": {
      "version": "1.1.0",
      "resolved": "https://registry.npmjs.org/proxy-from-env/-/proxy-from-env-1.1.0.tgz",
      "integrity": "sha512-D+zkORCbA9f1tdWRK0RaCR3GPv50cMxcrz4X8k5LTSUD1Dkw47mKJEZQNunItRTkWwgtaUSo1RVFRIG9ZXiFYg=="
    },
    "node_modules/shebang-command": {
      "version": "2.0.0",
      "resolved": "https://registry.npmjs.org/shebang-command/-/shebang-command-2.0.0.tgz",
      "integrity": "sha512-kHxr2zZpYtdmrN1qDjrrX/Z1rR1kG8Dx+gkpK1G4eXmvXswmcE1hTWBWYUzlraYw1/yZp6YuDY77YtvbN0dmDA==",
      "dependencies": {
        "shebang-regex": "^3.0.0"
      },
      "engines": {
        "node": ">=8"
      }
    },
    "node_modules/shebang-regex": {
      "version": "3.0.0",
      "resolved": "https://registry.npmjs.org/shebang-regex/-/shebang-regex-3.0.0.tgz",
      "integrity": "sha512-7++dFhtcx3353uBaq8DDR4NuxBetBzC7ZQOhmTQInHEd6bSrXdiEyzCvG07Z44UYdLShWUyXt5M/yhz8ekcb1A==",
      "engines": {
        "node": ">=8"
      }
    },
    "node_modules/strip-bom": {
      "version": "2.0.0",
      "resolved": "https://registry.npmjs.org/strip-bom/-/strip-bom-2.0.0.tgz",
      "integrity": "sha512-kwrX1y7czp1E69n2ajbG65mIo9dqvJ+8aBQXOGVxqwvNbsXdFM6Lq37dLAY3mknUwru8CfcCbfOLL/gMo+fi3g==",
      "dependencies": {
        "is-utf8": "^0.2.0"
      },
      "engines": {
        "node": ">=0.10.0"
      }
    },
    "node_modules/ts-mixer": {
      "version": "6.0.3",
      "resolved": "https://registry.npmjs.org/ts-mixer/-/ts-mixer-6.0.3.tgz",
      "integrity": "sha512-k43M7uCG1AkTyxgnmI5MPwKoUvS/bRvLvUb7+Pgpdlmok8AoqmUaZxUUw8zKM5B1lqZrt41GjYgnvAi0fppqgQ=="
    },
    "node_modules/tslib": {
      "version": "2.6.2",
      "resolved": "https://registry.npmjs.org/tslib/-/tslib-2.6.2.tgz",
      "integrity": "sha512-AEYxH93jGFPn/a2iVAwW87VuUIkR1FVUKB77NwMF7nBTDkDrrT/Hpt/IrCJ0QXhW27jTBDcf5ZY7w6RiqTMw2Q=="
    },
    "node_modules/undici": {
      "version": "5.27.2",
      "resolved": "https://registry.npmjs.org/undici/-/undici-5.27.2.tgz",
      "integrity": "sha512-iS857PdOEy/y3wlM3yRp+6SNQQ6xU0mmZcwRSriqk+et/cwWAtwmIGf6WkoDN2EK/AMdCO/dfXzIwi+rFMrjjQ==",
      "dependencies": {
        "@fastify/busboy": "^2.0.0"
      },
      "engines": {
        "node": ">=14.0"
      }
    },
    "node_modules/undici-types": {
      "version": "5.26.5",
      "resolved": "https://registry.npmjs.org/undici-types/-/undici-types-5.26.5.tgz",
      "integrity": "sha512-JlCMO+ehdEIKqlFxk6IfVoAUVmgz7cU7zD/h9XZ0qzeosSHmUJVOzSQvvYSYWXkFXC+IfLKSIffhv0sVZup6pA=="
    },
    "node_modules/which": {
      "version": "2.0.2",
      "resolved": "https://registry.npmjs.org/which/-/which-2.0.2.tgz",
      "integrity": "sha512-BLI3Tl1TW3Pvl70l3yq3Y64i+awpwXqsGBYWkkqMtnbXgrMD+yj7rhW0kuEDxzJaYXGjEW5ogapKNMEKNMjibA==",
      "dependencies": {
        "isexe": "^2.0.0"
      },
      "bin": {
        "node-which": "bin/node-which"
      },
      "engines": {
        "node": ">= 8"
      }
    },
    "node_modules/ws": {
      "version": "8.14.2",
      "resolved": "https://registry.npmjs.org/ws/-/ws-8.14.2.tgz",
      "integrity": "sha512-wEBG1ftX4jcglPxgFCMJmZ2PLtSbJ2Peg6TmpJFTbe9GZYOQCDPdMYu/Tm0/bGZkw8paZnJY45J4K2PZrLYq8g==",
      "engines": {
        "node": ">=10.0.0"
      },
      "peerDependencies": {
        "bufferutil": "^4.0.1",
        "utf-8-validate": ">=5.0.2"
      },
      "peerDependenciesMeta": {
        "bufferutil": {
          "optional": true
        },
        "utf-8-validate": {
          "optional": true
        }
      }
    }
  },
  "dependencies": {
    "@discordjs/builders": {
      "version": "1.7.0",
      "resolved": "https://registry.npmjs.org/@discordjs/builders/-/builders-1.7.0.tgz",
      "integrity": "sha512-GDtbKMkg433cOZur8Dv6c25EHxduNIBsxeHrsRoIM8+AwmEZ8r0tEpckx/sHwTLwQPOF3e2JWloZh9ofCaMfAw==",
      "requires": {
        "@discordjs/formatters": "^0.3.3",
        "@discordjs/util": "^1.0.2",
        "@sapphire/shapeshift": "^3.9.3",
        "discord-api-types": "0.37.61",
        "fast-deep-equal": "^3.1.3",
        "ts-mixer": "^6.0.3",
        "tslib": "^2.6.2"
      }
    },
    "@discordjs/collection": {
      "version": "1.5.3",
      "resolved": "https://registry.npmjs.org/@discordjs/collection/-/collection-1.5.3.tgz",
      "integrity": "sha512-SVb428OMd3WO1paV3rm6tSjM4wC+Kecaa1EUGX7vc6/fddvw/6lg90z4QtCqm21zvVe92vMMDt9+DkIvjXImQQ=="
    },
    "@discordjs/formatters": {
      "version": "0.3.3",
      "resolved": "https://registry.npmjs.org/@discordjs/formatters/-/formatters-0.3.3.tgz",
      "integrity": "sha512-wTcI1Q5cps1eSGhl6+6AzzZkBBlVrBdc9IUhJbijRgVjCNIIIZPgqnUj3ntFODsHrdbGU8BEG9XmDQmgEEYn3w==",
      "requires": {
        "discord-api-types": "0.37.61"
      }
    },
    "@discordjs/rest": {
      "version": "2.2.0",
      "resolved": "https://registry.npmjs.org/@discordjs/rest/-/rest-2.2.0.tgz",
      "integrity": "sha512-nXm9wT8oqrYFRMEqTXQx9DUTeEtXUDMmnUKIhZn6O2EeDY9VCdwj23XCPq7fkqMPKdF7ldAfeVKyxxFdbZl59A==",
      "requires": {
        "@discordjs/collection": "^2.0.0",
        "@discordjs/util": "^1.0.2",
        "@sapphire/async-queue": "^1.5.0",
        "@sapphire/snowflake": "^3.5.1",
        "@vladfrangu/async_event_emitter": "^2.2.2",
        "discord-api-types": "0.37.61",
        "magic-bytes.js": "^1.5.0",
        "tslib": "^2.6.2",
        "undici": "5.27.2"
      },
      "dependencies": {
        "@discordjs/collection": {
          "version": "2.0.0",
          "resolved": "https://registry.npmjs.org/@discordjs/collection/-/collection-2.0.0.tgz",
          "integrity": "sha512-YTWIXLrf5FsrLMycpMM9Q6vnZoR/lN2AWX23/Cuo8uOOtS8eHB2dyQaaGnaF8aZPYnttf2bkLMcXn/j6JUOi3w=="
        }
      }
    },
    "@discordjs/util": {
      "version": "1.0.2",
      "resolved": "https://registry.npmjs.org/@discordjs/util/-/util-1.0.2.tgz",
      "integrity": "sha512-IRNbimrmfb75GMNEjyznqM1tkI7HrZOf14njX7tCAAUetyZM1Pr8hX/EK2lxBCOgWDRmigbp24fD1hdMfQK5lw=="
    },
    "@discordjs/ws": {
      "version": "1.0.2",
      "resolved": "https://registry.npmjs.org/@discordjs/ws/-/ws-1.0.2.tgz",
      "integrity": "sha512-+XI82Rm2hKnFwAySXEep4A7Kfoowt6weO6381jgW+wVdTpMS/56qCvoXyFRY0slcv7c/U8My2PwIB2/wEaAh7Q==",
      "requires": {
        "@discordjs/collection": "^2.0.0",
        "@discordjs/rest": "^2.1.0",
        "@discordjs/util": "^1.0.2",
        "@sapphire/async-queue": "^1.5.0",
        "@types/ws": "^8.5.9",
        "@vladfrangu/async_event_emitter": "^2.2.2",
        "discord-api-types": "0.37.61",
        "tslib": "^2.6.2",
        "ws": "^8.14.2"
      },
      "dependencies": {
        "@discordjs/collection": {
          "version": "2.0.0",
          "resolved": "https://registry.npmjs.org/@discordjs/collection/-/collection-2.0.0.tgz",
          "integrity": "sha512-YTWIXLrf5FsrLMycpMM9Q6vnZoR/lN2AWX23/Cuo8uOOtS8eHB2dyQaaGnaF8aZPYnttf2bkLMcXn/j6JUOi3w=="
        }
      }
    },
    "@fastify/busboy": {
      "version": "2.1.0",
      "resolved": "https://registry.npmjs.org/@fastify/busboy/-/busboy-2.1.0.tgz",
      "integrity": "sha512-+KpH+QxZU7O4675t3mnkQKcZZg56u+K/Ct2K+N2AZYNVK8kyeo/bI18tI8aPm3tvNNRyTWfj6s5tnGNlcbQRsA=="
    },
    "@sapphire/async-queue": {
      "version": "1.5.2",
      "resolved": "https://registry.npmjs.org/@sapphire/async-queue/-/async-queue-1.5.2.tgz",
      "integrity": "sha512-7X7FFAA4DngXUl95+hYbUF19bp1LGiffjJtu7ygrZrbdCSsdDDBaSjB7Akw0ZbOu6k0xpXyljnJ6/RZUvLfRdg=="
    },
    "@sapphire/shapeshift": {
      "version": "3.9.6",
      "resolved": "https://registry.npmjs.org/@sapphire/shapeshift/-/shapeshift-3.9.6.tgz",
      "integrity": "sha512-4+Na/fxu2SEepZRb9z0dbsVh59QtwPuBg/UVaDib3av7ZY14b14+z09z6QVn0P6Dv6eOU2NDTsjIi0mbtgP56g==",
      "requires": {
        "fast-deep-equal": "^3.1.3",
        "lodash": "^4.17.21"
      }
    },
    "@sapphire/snowflake": {
      "version": "3.5.1",
      "resolved": "https://registry.npmjs.org/@sapphire/snowflake/-/snowflake-3.5.1.tgz",
      "integrity": "sha512-BxcYGzgEsdlG0dKAyOm0ehLGm2CafIrfQTZGWgkfKYbj+pNNsorZ7EotuZukc2MT70E0UbppVbtpBrqpzVzjNA=="
    },
    "@types/node": {
      "version": "20.11.16",
      "resolved": "https://registry.npmjs.org/@types/node/-/node-20.11.16.tgz",
      "integrity": "sha512-gKb0enTmRCzXSSUJDq6/sPcqrfCv2mkkG6Jt/clpn5eiCbKTY+SgZUxo+p8ZKMof5dCp9vHQUAB7wOUTod22wQ==",
      "requires": {
        "undici-types": "~5.26.4"
      }
    },
    "@types/ws": {
      "version": "8.5.9",
      "resolved": "https://registry.npmjs.org/@types/ws/-/ws-8.5.9.tgz",
      "integrity": "sha512-jbdrY0a8lxfdTp/+r7Z4CkycbOFN8WX+IOchLJr3juT/xzbJ8URyTVSJ/hvNdadTgM1mnedb47n+Y31GsFnQlg==",
      "requires": {
        "@types/node": "*"
      }
    },
    "@vladfrangu/async_event_emitter": {
      "version": "2.2.4",
      "resolved": "https://registry.npmjs.org/@vladfrangu/async_event_emitter/-/async_event_emitter-2.2.4.tgz",
      "integrity": "sha512-ButUPz9E9cXMLgvAW8aLAKKJJsPu1dY1/l/E8xzLFuysowXygs6GBcyunK9rnGC4zTsnIc2mQo71rGw9U+Ykug=="
    },
    "agent-base": {
      "version": "7.1.0",
      "resolved": "https://registry.npmjs.org/agent-base/-/agent-base-7.1.0.tgz",
      "integrity": "sha512-o/zjMZRhJxny7OyEF+Op8X+efiELC7k7yOjMzgfzVqOzXqkBkWI79YoTdOtsuWd5BWhAGAuOY/Xa6xpiaWXiNg==",
      "requires": {
        "debug": "^4.3.4"
      }
    },
    "aki-api": {
      "version": "6.0.9",
      "resolved": "https://registry.npmjs.org/aki-api/-/aki-api-6.0.9.tgz",
      "integrity": "sha512-X1GxHZbhWPHwzW9XzeZS1M6pluhHc0TvOvDCQdOtYn6AwppjsGtZmXxg/PovLozcutHhi2qsJYtNfQbiq6oILg==",
      "requires": {
        "axios": "^1.4.0",
        "https-proxy-agent": "^6.1.0",
        "node_extra_ca_certs_mozilla_bundle": "^1.0.5"
      }
    },
    "asynckit": {
      "version": "0.4.0",
      "resolved": "https://registry.npmjs.org/asynckit/-/asynckit-0.4.0.tgz",
      "integrity": "sha512-Oei9OH4tRh0YqU3GxhX79dM/mwVgvbZJaSNaRk+bshkj0S5cfHcgYakreBjrHwatXKbz+IoIdYLxrKim2MjW0Q=="
    },
    "axios": {
      "version": "1.6.7",
      "resolved": "https://registry.npmjs.org/axios/-/axios-1.6.7.tgz",
      "integrity": "sha512-/hDJGff6/c7u0hDkvkGxR/oy6CbCs8ziCsC7SqmhjfozqiJGc8Z11wrv9z9lYfY4K8l+H9TpjcMDX0xOZmx+RA==",
      "requires": {
        "follow-redirects": "^1.15.4",
        "form-data": "^4.0.0",
        "proxy-from-env": "^1.1.0"
      }
    },
    "bluebird": {
      "version": "3.7.2",
      "resolved": "https://registry.npmjs.org/bluebird/-/bluebird-3.7.2.tgz",
      "integrity": "sha512-XpNj6GDQzdfW+r2Wnn7xiSAd7TM3jzkxGXBGTtWKuSXv1xUV+azxAm8jdWZN06QTQk+2N2XB9jRDkvbmQmcRtg=="
    },
    "combined-stream": {
      "version": "1.0.8",
      "resolved": "https://registry.npmjs.org/combined-stream/-/combined-stream-1.0.8.tgz",
      "integrity": "sha512-FQN4MRfuJeHf7cBbBMJFXhKSDq+2kAArBlmRBvcvFE5BB1HZKXtSFASDhdlz9zOYwxh8lDdnvmMOe/+5cdoEdg==",
      "requires": {
        "delayed-stream": "~1.0.0"
      }
    },
    "cross-env": {
      "version": "7.0.3",
      "resolved": "https://registry.npmjs.org/cross-env/-/cross-env-7.0.3.tgz",
      "integrity": "sha512-+/HKd6EgcQCJGh2PSjZuUitQBQynKor4wrFbRg4DtAgS1aWO+gU52xpH7M9ScGgXSYmAVS9bIJ8EzuaGw0oNAw==",
      "requires": {
        "cross-spawn": "^7.0.1"
      }
    },
    "cross-spawn": {
      "version": "7.0.3",
      "resolved": "https://registry.npmjs.org/cross-spawn/-/cross-spawn-7.0.3.tgz",
      "integrity": "sha512-iRDPJKUPVEND7dHPO8rkbOnPpyDygcDFtWjpeWNCgy8WP2rXcxXL8TskReQl6OrB2G7+UJrags1q15Fudc7G6w==",
      "requires": {
        "path-key": "^3.1.0",
        "shebang-command": "^2.0.0",
        "which": "^2.0.1"
      }
    },
    "csvtojson": {
      "version": "2.0.10",
      "resolved": "https://registry.npmjs.org/csvtojson/-/csvtojson-2.0.10.tgz",
      "integrity": "sha512-lUWFxGKyhraKCW8Qghz6Z0f2l/PqB1W3AO0HKJzGIQ5JRSlR651ekJDiGJbBT4sRNNv5ddnSGVEnsxP9XRCVpQ==",
      "requires": {
        "bluebird": "^3.5.1",
        "lodash": "^4.17.3",
        "strip-bom": "^2.0.0"
      }
    },
    "debug": {
      "version": "4.3.4",
      "resolved": "https://registry.npmjs.org/debug/-/debug-4.3.4.tgz",
      "integrity": "sha512-PRWFHuSU3eDtQJPvnNY7Jcket1j0t5OuOsFzPPzsekD52Zl8qUfFIPEiswXqIvHWGVHOgX+7G/vCNNhehwxfkQ==",
      "requires": {
        "ms": "2.1.2"
      }
    },
    "delayed-stream": {
      "version": "1.0.0",
      "resolved": "https://registry.npmjs.org/delayed-stream/-/delayed-stream-1.0.0.tgz",
      "integrity": "sha512-ZySD7Nf91aLB0RxL4KGrKHBXl7Eds1DAmEdcoVawXnLD7SDhpNgtuII2aAkg7a7QS41jxPSZ17p4VdGnMHk3MQ=="
    },
    "discord-api-types": {
      "version": "0.37.61",
      "resolved": "https://registry.npmjs.org/discord-api-types/-/discord-api-types-0.37.61.tgz",
      "integrity": "sha512-o/dXNFfhBpYHpQFdT6FWzeO7pKc838QeeZ9d91CfVAtpr5XLK4B/zYxQbYgPdoMiTDvJfzcsLW5naXgmHGDNXw=="
    },
    "discord.js": {
      "version": "14.14.1",
      "resolved": "https://registry.npmjs.org/discord.js/-/discord.js-14.14.1.tgz",
      "integrity": "sha512-/hUVzkIerxKHyRKopJy5xejp4MYKDPTszAnpYxzVVv4qJYf+Tkt+jnT2N29PIPschicaEEpXwF2ARrTYHYwQ5w==",
      "requires": {
        "@discordjs/builders": "^1.7.0",
        "@discordjs/collection": "1.5.3",
        "@discordjs/formatters": "^0.3.3",
        "@discordjs/rest": "^2.1.0",
        "@discordjs/util": "^1.0.2",
        "@discordjs/ws": "^1.0.2",
        "@sapphire/snowflake": "3.5.1",
        "@types/ws": "8.5.9",
        "discord-api-types": "0.37.61",
        "fast-deep-equal": "3.1.3",
        "lodash.snakecase": "4.1.1",
        "tslib": "2.6.2",
        "undici": "5.27.2",
        "ws": "8.14.2"
      }
    },
    "dotenv": {
      "version": "16.4.1",
      "resolved": "https://registry.npmjs.org/dotenv/-/dotenv-16.4.1.tgz",
      "integrity": "sha512-CjA3y+Dr3FyFDOAMnxZEGtnW9KBR2M0JvvUtXNW+dYJL5ROWxP9DUHCwgFqpMk0OXCc0ljhaNTr2w/kutYIcHQ=="
    },
    "fast-deep-equal": {
      "version": "3.1.3",
      "resolved": "https://registry.npmjs.org/fast-deep-equal/-/fast-deep-equal-3.1.3.tgz",
      "integrity": "sha512-f3qQ9oQy9j2AhBe/H9VC91wLmKBCCU/gDOnKNAYG5hswO7BLKj09Hc5HYNz9cGI++xlpDCIgDaitVs03ATR84Q=="
    },
    "follow-redirects": {
      "version": "1.15.5",
      "resolved": "https://registry.npmjs.org/follow-redirects/-/follow-redirects-1.15.5.tgz",
      "integrity": "sha512-vSFWUON1B+yAw1VN4xMfxgn5fTUiaOzAJCKBwIIgT/+7CuGy9+r+5gITvP62j3RmaD5Ph65UaERdOSRGUzZtgw=="
    },
    "form-data": {
      "version": "4.0.0",
      "resolved": "https://registry.npmjs.org/form-data/-/form-data-4.0.0.tgz",
      "integrity": "sha512-ETEklSGi5t0QMZuiXoA/Q6vcnxcLQP5vdugSpuAyi6SVGi2clPPp+xgEhuMaHC+zGgn31Kd235W35f7Hykkaww==",
      "requires": {
        "asynckit": "^0.4.0",
        "combined-stream": "^1.0.8",
        "mime-types": "^2.1.12"
      }
    },
    "https-proxy-agent": {
      "version": "6.2.1",
      "resolved": "https://registry.npmjs.org/https-proxy-agent/-/https-proxy-agent-6.2.1.tgz",
      "integrity": "sha512-ONsE3+yfZF2caH5+bJlcddtWqNI3Gvs5A38+ngvljxaBiRXRswym2c7yf8UAeFpRFKjFNHIFEHqR/OLAWJzyiA==",
      "requires": {
        "agent-base": "^7.0.2",
        "debug": "4"
      }
    },
    "is-utf8": {
      "version": "0.2.1",
      "resolved": "https://registry.npmjs.org/is-utf8/-/is-utf8-0.2.1.tgz",
      "integrity": "sha512-rMYPYvCzsXywIsldgLaSoPlw5PfoB/ssr7hY4pLfcodrA5M/eArza1a9VmTiNIBNMjOGr1Ow9mTyU2o69U6U9Q=="
    },
    "isexe": {
      "version": "2.0.0",
      "resolved": "https://registry.npmjs.org/isexe/-/isexe-2.0.0.tgz",
      "integrity": "sha512-RHxMLp9lnKHGHRng9QFhRCMbYAcVpn69smSGcq3f36xjgVVWThj4qqLbTLlq7Ssj8B+fIQ1EuCEGI2lKsyQeIw=="
    },
    "lodash": {
      "version": "4.17.21",
      "resolved": "https://registry.npmjs.org/lodash/-/lodash-4.17.21.tgz",
      "integrity": "sha512-v2kDEe57lecTulaDIuNTPy3Ry4gLGJ6Z1O3vE1krgXZNrsQ+LFTGHVxVjcXPs17LhbZVGedAJv8XZ1tvj5FvSg=="
    },
    "lodash.snakecase": {
      "version": "4.1.1",
      "resolved": "https://registry.npmjs.org/lodash.snakecase/-/lodash.snakecase-4.1.1.tgz",
      "integrity": "sha512-QZ1d4xoBHYUeuouhEq3lk3Uq7ldgyFXGBhg04+oRLnIz8o9T65Eh+8YdroUwn846zchkA9yDsDl5CVVaV2nqYw=="
    },
    "magic-bytes.js": {
      "version": "1.8.0",
      "resolved": "https://registry.npmjs.org/magic-bytes.js/-/magic-bytes.js-1.8.0.tgz",
      "integrity": "sha512-lyWpfvNGVb5lu8YUAbER0+UMBTdR63w2mcSUlhhBTyVbxJvjgqwyAf3AZD6MprgK0uHuBoWXSDAMWLupX83o3Q=="
    },
    "mime-db": {
      "version": "1.52.0",
      "resolved": "https://registry.npmjs.org/mime-db/-/mime-db-1.52.0.tgz",
      "integrity": "sha512-sPU4uV7dYlvtWJxwwxHD0PuihVNiE7TyAbQ5SWxDCB9mUYvOgroQOwYQQOKPJ8CIbE+1ETVlOoK1UC2nU3gYvg=="
    },
    "mime-types": {
      "version": "2.1.35",
      "resolved": "https://registry.npmjs.org/mime-types/-/mime-types-2.1.35.tgz",
      "integrity": "sha512-ZDY+bPm5zTTF+YpCrAU9nK0UgICYPT0QtT1NZWFv4s++TNkcgVaT0g6+4R2uI4MjQjzysHB1zxuWL50hzaeXiw==",
      "requires": {
        "mime-db": "1.52.0"
      }
    },
    "ms": {
      "version": "2.1.2",
      "resolved": "https://registry.npmjs.org/ms/-/ms-2.1.2.tgz",
      "integrity": "sha512-sGkPx+VjMtmA6MX27oA4FBFELFCZZ4S4XqeGOXCv68tT+jb3vk/RyaKWP0PTKyWtmLSM0b+adUTEvbs1PEaH2w=="
    },
    "node_extra_ca_certs_mozilla_bundle": {
      "version": "1.0.6",
      "resolved": "https://registry.npmjs.org/node_extra_ca_certs_mozilla_bundle/-/node_extra_ca_certs_mozilla_bundle-1.0.6.tgz",
      "integrity": "sha512-VUYE5onlfOXbiZ9KLC2q3HyKC/PqYawf55tIyp7g07RUuO3UmozeDtIKlyMpS5jTIn1rxGST12QLqfDAqkektw==",
      "requires": {
        "axios": "^1.6.5",
        "cross-env": "^7.0.3",
        "csvtojson": "^2.0.10"
      }
    },
    "path-key": {
      "version": "3.1.1",
      "resolved": "https://registry.npmjs.org/path-key/-/path-key-3.1.1.tgz",
      "integrity": "sha512-ojmeN0qd+y0jszEtoY48r0Peq5dwMEkIlCOu6Q5f41lfkswXuKtYrhgoTpLnyIcHm24Uhqx+5Tqm2InSwLhE6Q=="
    },
    "proxy-from-env": {
      "version": "1.1.0",
      "resolved": "https://registry.npmjs.org/proxy-from-env/-/proxy-from-env-1.1.0.tgz",
      "integrity": "sha512-D+zkORCbA9f1tdWRK0RaCR3GPv50cMxcrz4X8k5LTSUD1Dkw47mKJEZQNunItRTkWwgtaUSo1RVFRIG9ZXiFYg=="
    },
    "shebang-command": {
      "version": "2.0.0",
      "resolved": "https://registry.npmjs.org/shebang-command/-/shebang-command-2.0.0.tgz",
      "integrity": "sha512-kHxr2zZpYtdmrN1qDjrrX/Z1rR1kG8Dx+gkpK1G4eXmvXswmcE1hTWBWYUzlraYw1/yZp6YuDY77YtvbN0dmDA==",
      "requires": {
        "shebang-regex": "^3.0.0"
      }
    },
    "shebang-regex": {
      "version": "3.0.0",
      "resolved": "https://registry.npmjs.org/shebang-regex/-/shebang-regex-3.0.0.tgz",
      "integrity": "sha512-7++dFhtcx3353uBaq8DDR4NuxBetBzC7ZQOhmTQInHEd6bSrXdiEyzCvG07Z44UYdLShWUyXt5M/yhz8ekcb1A=="
    },
    "strip-bom": {
      "version": "2.0.0",
      "resolved": "https://registry.npmjs.org/strip-bom/-/strip-bom-2.0.0.tgz",
      "integrity": "sha512-kwrX1y7czp1E69n2ajbG65mIo9dqvJ+8aBQXOGVxqwvNbsXdFM6Lq37dLAY3mknUwru8CfcCbfOLL/gMo+fi3g==",
      "requires": {
        "is-utf8": "^0.2.0"
      }
    },
    "ts-mixer": {
      "version": "6.0.3",
      "resolved": "https://registry.npmjs.org/ts-mixer/-/ts-mixer-6.0.3.tgz",
      "integrity": "sha512-k43M7uCG1AkTyxgnmI5MPwKoUvS/bRvLvUb7+Pgpdlmok8AoqmUaZxUUw8zKM5B1lqZrt41GjYgnvAi0fppqgQ=="
    },
    "tslib": {
      "version": "2.6.2",
      "resolved": "https://registry.npmjs.org/tslib/-/tslib-2.6.2.tgz",
      "integrity": "sha512-AEYxH93jGFPn/a2iVAwW87VuUIkR1FVUKB77NwMF7nBTDkDrrT/Hpt/IrCJ0QXhW27jTBDcf5ZY7w6RiqTMw2Q=="
    },
    "undici": {
      "version": "5.27.2",
      "resolved": "https://registry.npmjs.org/undici/-/undici-5.27.2.tgz",
      "integrity": "sha512-iS857PdOEy/y3wlM3yRp+6SNQQ6xU0mmZcwRSriqk+et/cwWAtwmIGf6WkoDN2EK/AMdCO/dfXzIwi+rFMrjjQ==",
      "requires": {
        "@fastify/busboy": "^2.0.0"
      }
    },
    "undici-types": {
      "version": "5.26.5",
      "resolved": "https://registry.npmjs.org/undici-types/-/undici-types-5.26.5.tgz",
      "integrity": "sha512-JlCMO+ehdEIKqlFxk6IfVoAUVmgz7cU7zD/h9XZ0qzeosSHmUJVOzSQvvYSYWXkFXC+IfLKSIffhv0sVZup6pA=="
    },
    "which": {
      "version": "2.0.2",
      "resolved": "https://registry.npmjs.org/which/-/which-2.0.2.tgz",
      "integrity": "sha512-BLI3Tl1TW3Pvl70l3yq3Y64i+awpwXqsGBYWkkqMtnbXgrMD+yj7rhW0kuEDxzJaYXGjEW5ogapKNMEKNMjibA==",
      "requires": {
        "isexe": "^2.0.0"
      }
    },
    "ws": {
      "version": "8.14.2",
      "resolved": "https://registry.npmjs.org/ws/-/ws-8.14.2.tgz",
      "integrity": "sha512-wEBG1ftX4jcglPxgFCMJmZ2PLtSbJ2Peg6TmpJFTbe9GZYOQCDPdMYu/Tm0/bGZkw8paZnJY45J4K2PZrLYq8g==",
      "requires": {}
    }
  }
}
